
Microsoft Visual Studio Solution File, Format Version 12.00
# Visual Studio Version 17
VisualStudioVersion = 17.7.34221.43
MinimumVisualStudioVersion = 10.0.40219.1
Project("{FAE04EC0-301F-11D3-BF4B-00C04F79EFBC}") = "assignment20", "assignment20\assignment20.csproj", "{F71E1384-CBDF-4CC8-BA5F-575688704527}"
EndProject
Global
	GlobalSection(SolutionConfigurationPlatforms) = preSolution
		Debug|Any CPU = Debug|Any CPU
		Release|Any CPU = Release|Any CPU
	EndGlobalSection
	GlobalSection(ProjectConfigurationPlatforms) = postSolution
		{F71E1384-CBDF-4CC8-BA5F-575688704527}.Debug|Any CPU.ActiveCfg = Debug|Any CPU
		{F71E1384-CBDF-4CC8-BA5F-575688704527}.Debug|Any CPU.Build.0 = Debug|Any CPU
		{F71E1384-CBDF-4CC8-BA5F-575688704527}.Release|Any CPU.ActiveCfg = Release|Any CPU
		{F71E1384-CBDF-4CC8-BA5F-575688704527}.Release|Any CPU.Build.0 = Release|Any CPU
	EndGlobalSection
	GlobalSection(SolutionProperties) = preSolution
		HideSolutionNode = FALSE
	EndGlobalSection
	GlobalSection(ExtensibilityGlobals) = postSolution
		SolutionGuid = {744942BE-6978-440C-ACA8-2F7D0A54AA6F}
	EndGlobalSection
EndGlobal
